
Microsoft Visual Studio Solution File, Format Version 12.00
# Visual Studio Version 17
VisualStudioVersion = 17.1.31911.260
MinimumVisualStudioVersion = 10.0.40219.1
Project("{FAE04EC0-301F-11D3-BF4B-00C04F79EFBC}") = "网络穿透", "网络穿透.csproj", "{05A67446-918D-4862-916E-C91B9B420AE4}"
EndProject
Project("{FAE04EC0-301F-11D3-BF4B-00C04F79EFBC}") = "singlaR", "..\singlaR\singlaR.csproj", "{3A968518-099D-4727-91C6-95702DD94A66}"
EndProject
Project("{FAE04EC0-301F-11D3-BF4B-00C04F79EFBC}") = "SignalRServer", "..\SignalRServer\SignalRServer.csproj", "{F9D1B46F-6362-42FD-924F-746FBCA7F22B}"
EndProject
Global
	GlobalSection(SolutionConfigurationPlatforms) = preSolution
		Debug|Any CPU = Debug|Any CPU
		Release|Any CPU = Release|Any CPU
	EndGlobalSection
	GlobalSection(ProjectConfigurationPlatforms) = postSolution
		{05A67446-918D-4862-916E-C91B9B420AE4}.Debug|Any CPU.ActiveCfg = Debug|Any CPU
		{05A67446-918D-4862-916E-C91B9B420AE4}.Debug|Any CPU.Build.0 = Debug|Any CPU
		{05A67446-918D-4862-916E-C91B9B420AE4}.Release|Any CPU.ActiveCfg = Release|Any CPU
		{05A67446-918D-4862-916E-C91B9B420AE4}.Release|Any CPU.Build.0 = Release|Any CPU
		{3A968518-099D-4727-91C6-95702DD94A66}.Debug|Any CPU.ActiveCfg = Debug|Any CPU
		{3A968518-099D-4727-91C6-95702DD94A66}.Debug|Any CPU.Build.0 = Debug|Any CPU
		{3A968518-099D-4727-91C6-95702DD94A66}.Release|Any CPU.ActiveCfg = Release|Any CPU
		{3A968518-099D-4727-91C6-95702DD94A66}.Release|Any CPU.Build.0 = Release|Any CPU
		{F9D1B46F-6362-42FD-924F-746FBCA7F22B}.Debug|Any CPU.ActiveCfg = Debug|Any CPU
		{F9D1B46F-6362-42FD-924F-746FBCA7F22B}.Debug|Any CPU.Build.0 = Debug|Any CPU
		{F9D1B46F-6362-42FD-924F-746FBCA7F22B}.Release|Any CPU.ActiveCfg = Release|Any CPU
		{F9D1B46F-6362-42FD-924F-746FBCA7F22B}.Release|Any CPU.Build.0 = Release|Any CPU
	EndGlobalSection
	GlobalSection(SolutionProperties) = preSolution
		HideSolutionNode = FALSE
	EndGlobalSection
	GlobalSection(ExtensibilityGlobals) = postSolution
		SolutionGuid = {545A3205-A69C-42BE-81A2-B8E81E1938EA}
	EndGlobalSection
EndGlobal
